lockfileVersion: '9.0'

settings:
  autoInstallPeers: true
  excludeLinksFromLockfile: false

importers:

  .:
    devDependencies:
      mprocs:
        specifier: ^0.9.6
        version: 0.9.6

packages:

  mprocs@0.9.6:
    resolution: {integrity: sha512-sEwB5XD3/rReB47h0YbN2L5fXOLcMjF8sOEDTMr/daCLyVZfU4CegbanxO0ybiaFx0MQ/nV7yzOHmprmy2Wq9w==}
    engines: {node: '>=0.10.0'}
    hasBin: true

snapshots:

  mprocs@0.9.6: {}
